
Microsoft Visual Studio Solution File, Format Version 12.00
# Visual Studio 15
Project("{FAE04EC0-301F-11D3-BF4B-00C04F79EFBC}") = "Assembly-CSharp", "Assembly-CSharp.csproj", "{372573D6-42C5-9715-3288-07391DD1064D}"
EndProject
Project("{FAE04EC0-301F-11D3-BF4B-00C04F79EFBC}") = "Assembly-CSharp-Editor", "Assembly-CSharp-Editor.csproj", "{B31E153E-4D57-8D82-906E-E89A5C6415FE}"
EndProject
Global
	GlobalSection(SolutionConfigurationPlatforms) = preSolution
		Debug|Any CPU = Debug|Any CPU
		Release|Any CPU = Release|Any CPU
	EndGlobalSection
	GlobalSection(ProjectConfigurationPlatforms) = postSolution
		{372573D6-42C5-9715-3288-07391DD1064D}.Debug|Any CPU.ActiveCfg = Debug|Any CPU
		{372573D6-42C5-9715-3288-07391DD1064D}.Debug|Any CPU.Build.0 = Debug|Any CPU
		{372573D6-42C5-9715-3288-07391DD1064D}.Release|Any CPU.ActiveCfg = Release|Any CPU
		{372573D6-42C5-9715-3288-07391DD1064D}.Release|Any CPU.Build.0 = Release|Any CPU
		{B31E153E-4D57-8D82-906E-E89A5C6415FE}.Debug|Any CPU.ActiveCfg = Debug|Any CPU
		{B31E153E-4D57-8D82-906E-E89A5C6415FE}.Debug|Any CPU.Build.0 = Debug|Any CPU
		{B31E153E-4D57-8D82-906E-E89A5C6415FE}.Release|Any CPU.ActiveCfg = Release|Any CPU
		{B31E153E-4D57-8D82-906E-E89A5C6415FE}.Release|Any CPU.Build.0 = Release|Any CPU
	EndGlobalSection
	GlobalSection(SolutionProperties) = preSolution
		HideSolutionNode = FALSE
	EndGlobalSection
EndGlobal
